
Microsoft Visual Studio Solution File, Format Version 12.00
# Visual Studio Version 17
VisualStudioVersion = 17.10.34928.147
MinimumVisualStudioVersion = 10.0.40219.1
Project("{FAE04EC0-301F-11D3-BF4B-00C04F79EFBC}") = "ibrahimEzzat-C42-EngyoussefZakriaa-MVC02", "ibrahimEzzat-C42-EngyoussefZakriaa-MVC02.csproj", "{581725AB-0AB9-431B-BB24-AFB36328B779}"
EndProject
Global
	GlobalSection(SolutionConfigurationPlatforms) = preSolution
		Debug|Any CPU = Debug|Any CPU
		Release|Any CPU = Release|Any CPU
	EndGlobalSection
	GlobalSection(ProjectConfigurationPlatforms) = postSolution
		{581725AB-0AB9-431B-BB24-AFB36328B779}.Debug|Any CPU.ActiveCfg = Debug|Any CPU
		{581725AB-0AB9-431B-BB24-AFB36328B779}.Debug|Any CPU.Build.0 = Debug|Any CPU
		{581725AB-0AB9-431B-BB24-AFB36328B779}.Release|Any CPU.ActiveCfg = Release|Any CPU
		{581725AB-0AB9-431B-BB24-AFB36328B779}.Release|Any CPU.Build.0 = Release|Any CPU
	EndGlobalSection
	GlobalSection(SolutionProperties) = preSolution
		HideSolutionNode = FALSE
	EndGlobalSection
	GlobalSection(ExtensibilityGlobals) = postSolution
		SolutionGuid = {F3486C45-9B71-48A8-B6E4-FA074033045C}
	EndGlobalSection
EndGlobal
